
Microsoft Visual Studio Solution File, Format Version 12.00
# Visual Studio Version 16
VisualStudioVersion = 16.0.32413.511
MinimumVisualStudioVersion = 10.0.40219.1
Project("{8BC9CEB8-8B4A-11D0-8D11-00A0C91BC942}") = "xproc", "xproc.vcxproj", "{A80EFB63-1B3E-4844-84BB-84D46EF5C441}"
EndProject
Global
	GlobalSection(SolutionConfigurationPlatforms) = preSolution
		Debug|x64 = Debug|x64
		Debug|x86 = Debug|x86
		Release|x64 = Release|x64
		Release|x86 = Release|x86
	EndGlobalSection
	GlobalSection(ProjectConfigurationPlatforms) = postSolution
		{A80EFB63-1B3E-4844-84BB-84D46EF5C441}.Debug|x64.ActiveCfg = Debug|x64
		{A80EFB63-1B3E-4844-84BB-84D46EF5C441}.Debug|x64.Build.0 = Debug|x64
		{A80EFB63-1B3E-4844-84BB-84D46EF5C441}.Debug|x86.ActiveCfg = Debug|Win32
		{A80EFB63-1B3E-4844-84BB-84D46EF5C441}.Debug|x86.Build.0 = Debug|Win32
		{A80EFB63-1B3E-4844-84BB-84D46EF5C441}.Release|x64.ActiveCfg = Release|x64
		{A80EFB63-1B3E-4844-84BB-84D46EF5C441}.Release|x64.Build.0 = Release|x64
		{A80EFB63-1B3E-4844-84BB-84D46EF5C441}.Release|x86.ActiveCfg = Release|Win32
		{A80EFB63-1B3E-4844-84BB-84D46EF5C441}.Release|x86.Build.0 = Release|Win32
	EndGlobalSection
	GlobalSection(SolutionProperties) = preSolution
		HideSolutionNode = FALSE
	EndGlobalSection
	GlobalSection(ExtensibilityGlobals) = postSolution
		SolutionGuid = {993060F1-B669-4A58-9202-40A61BDF2839}
	EndGlobalSection
EndGlobal
